# This file is autogenerated, do not edit; changes may be undone by the next 'dep ensure'.


[[projects]]
  digest = "1:74eaa53be1ea6c05e62d2aab820870ff67e0974287b313d272d112676e304f9b"
  name = "code.cloudfoundry.org/garden"
  packages = [
    ".",
    "client",
    "client/connection",
    "routes",
    "transport",
  ]
  pruneopts = "UT"
  revision = "053010d769e1ca70220ae9b56a373c86825e92cb"

[[projects]]
  digest = "1:1dd77a86a7c2635c2a0ea43aa3270dc193e2b9a74ccf5a6065a9a12fd63c46fd"
  name = "code.cloudfoundry.org/lager"
  packages = ["."]
  pruneopts = "UT"
  revision = "6cfe365fb6bb84343f0034b4a53cd250d173b61f"

[[projects]]
  digest = "1:1afeb4b89147a1756809ca00966c6540b425fa158b16c89d966e41f68a0a5034"
  name = "github.com/bmizerany/pat"
  packages = ["."]
  pruneopts = "UT"
  revision = "c068ca2f0aacee5ac3681d68e4d0a003b7d1fd2c"

[[projects]]
  digest = "1:c2589fcbe45f0f98aaee152bebe8fa44fe27d9c2f98f97b9d5afcfd4073b13d3"
  name = "github.com/concourse/atc"
  packages = [
    ".",
    "event",
  ]
  pruneopts = "UT"
  revision = "f8bd990b2a64b380651ebb6c5999bbcad10de293"
  version = "v4.2.2"

[[projects]]
  digest = "1:82eaf84a49adb7adfcdbbf9e0cb911d22722468b62340e01628ad783cf0f57ba"
  name = "github.com/concourse/fly"
  packages = [
    "rc",
    "ui",
    "version",
  ]
  pruneopts = "UT"
  revision = "79616b2348f39c74b6e3290c585a24a0faac3e3b"
  version = "v4.2.2"

[[projects]]
  digest = "1:26d89ae89e3294d15098bc668decc940541c48fbafba2d29c78131f84494063d"
  name = "github.com/concourse/go-concourse"
  packages = [
    "concourse",
    "concourse/eventstream",
    "concourse/internal",
  ]
  pruneopts = "UT"
  revision = "79a832c54c62c957d666520937ee4a62b1af9efc"
  version = "v4.2.2"

[[projects]]
  branch = "master"
  digest = "1:6f6126af7313c78380367bb436b5a2ad8fc79ed0f4b3019ddd0ee1f8150e6877"
  name = "github.com/cppforlife/go-semi-semantic"
  packages = ["version"]
  pruneopts = "UT"
  revision = "576b6af77ae4f3ccef356902fb3b9a9ae22e0b11"

[[projects]]
  digest = "1:865079840386857c809b72ce300be7580cb50d3d3129ce11bf9aa6ca2bc1934a"
  name = "github.com/fatih/color"
  packages = ["."]
  pruneopts = "UT"
  revision = "5b77d2a35fb0ede96d138fc9a99f5c9b6aef11b4"
  version = "v1.7.0"

[[projects]]
  digest = "1:e9684f376cdd9a3b44b0a0cb8c626ce5e907a5541fad0c50e1e6d5f8999609ae"
  name = "github.com/golang/protobuf"
  packages = ["proto"]
  pruneopts = "UT"
  revision = "2bba0603135d7d7f5cb73b2125beeda19c09f4ef"

[[projects]]
  digest = "1:a712b5079fa7fd942a077341757265836063980331c0186360d463d61ffa2223"
  name = "github.com/google/jsonapi"
  packages = ["."]
  pruneopts = "UT"
  revision = "46d3ced0434461be12e555852e2f1a9ed382e139"
  version = "1.0.0"

[[projects]]
  digest = "1:a2cff208d4759f6ba1b1cd228587b0a1869f95f22542ec9cd17fff64430113c7"
  name = "github.com/jessevdk/go-flags"
  packages = ["."]
  pruneopts = "UT"
  revision = "c6ca198ec95c841fdb89fc0de7496fed11ab854e"
  version = "v1.4.0"

[[projects]]
  digest = "1:c658e84ad3916da105a761660dcaeb01e63416c8ec7bc62256a9b411a05fcd67"
  name = "github.com/mattn/go-colorable"
  packages = ["."]
  pruneopts = "UT"
  revision = "167de6bfdfba052fa6b2d3664c8f5272e23c9072"
  version = "v0.0.9"

[[projects]]
  digest = "1:0981502f9816113c9c8c4ac301583841855c8cf4da8c72f696b3ebedf6d0e4e5"
  name = "github.com/mattn/go-isatty"
  packages = ["."]
  pruneopts = "UT"
  revision = "6ca4dbf54d38eea1a992b3c722a76a5d1c4cb25c"
  version = "v0.0.4"

[[projects]]
  digest = "1:53bc4cd4914cd7cd52139990d5170d6dc99067ae31c56530621b18b35fc30318"
  name = "github.com/mitchellh/mapstructure"
  packages = ["."]
  pruneopts = "UT"
  revision = "3536a929edddb9a5b34bd6861dc4a9647cb459fe"
  version = "v1.1.2"

[[projects]]
  digest = "1:db23ad3af65cecd809d2b8b14ee63c854dece8722de30ccbf0c6d11cefef5554"
  name = "github.com/onsi/ginkgo"
  packages = [
    ".",
    "config",
    "internal/codelocation",
    "internal/containernode",
    "internal/failer",
    "internal/leafnodes",
    "internal/remote",
    "internal/spec",
    "internal/specrunner",
    "internal/suite",
    "internal/testingtproxy",
    "internal/writer",
    "reporters",
    "reporters/stenographer",
    "reporters/stenographer/support/go-colorable",
    "reporters/stenographer/support/go-isatty",
    "types",
  ]
  pruneopts = "UT"
  revision = "bb93381d543b0e5725244abe752214a110791d01"

[[projects]]
  digest = "1:f97e1e1afa755684061850a37b716515a17c9e81bc43ef76cc111baf4eb0621c"
  name = "github.com/onsi/gomega"
  packages = [
    ".",
    "format",
    "internal/assertion",
    "internal/asyncassertion",
    "internal/oraclematcher",
    "internal/testingtsupport",
    "matchers",
    "matchers/support/goraph/bipartitegraph",
    "matchers/support/goraph/edge",
    "matchers/support/goraph/node",
    "matchers/support/goraph/util",
    "types",
  ]
  pruneopts = "UT"
  revision = "e85f63af4302dc0e4277c6008ecf803f1d80e4f0"

[[projects]]
  digest = "1:e8fcad58263a7511225a674d9c23b9c55aa2f8616e2dab59f184a516f55c6566"
  name = "github.com/peterhellberg/link"
  packages = ["."]
  pruneopts = "UT"
  revision = "d1cebc7ea14a5fc0de7cb4a45acae773161642c6"
  version = "v1.0.0"

[[projects]]
  digest = "1:13dd0b927dfd82ff32299ff620f76fb2840c298dc71e36389d038a6bd1103567"
  name = "github.com/tedsuo/rata"
  packages = ["."]
  pruneopts = "UT"
  revision = "0649c23705dfb45a9693b668c4fc1c0666f485d9"
  version = "v1.0.0"

[[projects]]
  branch = "master"
  digest = "1:25253213243fe3cf02abf5820334bc5ba13a6a743480f1c5f80c2611d6ece9df"
  name = "github.com/vito/go-sse"
  packages = ["sse"]
  pruneopts = "UT"
  revision = "fd69d275caac5d78d793e77ddbe9bd2001d9b88d"

[[projects]]
  digest = "1:137a07d176f06db21c807d085339244f6a58ddac7d4f2fe5607a39392a2dcb5a"
  name = "golang.org/x/net"
  packages = ["context"]
  pruneopts = "UT"
  revision = "ffcf1bedda3b04ebb15a168a59800a73d6dc0f4d"

[[projects]]
  digest = "1:9359217acc6040b4be710ce34473acef28023ad39bfafecea34ffaea7f1e1890"
  name = "golang.org/x/oauth2"
  packages = [
    ".",
    "internal",
  ]
  pruneopts = "UT"
  revision = "7fdf09982454086d5570c7db3e11f360194830ca"

[[projects]]
  digest = "1:36e8440c31079d74414fd18f6b4ec10282f60c4abf3678ae3de48ab73010f532"
  name = "golang.org/x/sys"
  packages = ["unix"]
  pruneopts = "UT"
  revision = "7a6e5648d140666db5d920909e082ca00a87ba2c"

[[projects]]
  digest = "1:424f55096e5489d331b25325a2a0d05084121113ca1c06e1049f50ae0d75e000"
  name = "google.golang.org/appengine"
  packages = [
    "internal",
    "internal/base",
    "internal/datastore",
    "internal/log",
    "internal/remote_api",
    "internal/urlfetch",
    "urlfetch",
  ]
  pruneopts = "UT"
  revision = "56d253d1dd14aa01937e12c73a0971bcfd797ff2"

[[projects]]
  digest = "1:4d2e5a73dc1500038e504a8d78b986630e3626dc027bc030ba5c75da257cdb96"
  name = "gopkg.in/yaml.v2"
  packages = ["."]
  pruneopts = "UT"
  revision = "51d6538a90f86fe93ac480b35f37b2be17fef232"
  version = "v2.2.2"

[solve-meta]
  analyzer-name = "dep"
  analyzer-version = 1
  input-imports = [
    "code.cloudfoundry.org/garden",
    "code.cloudfoundry.org/garden/client",
    "code.cloudfoundry.org/garden/client/connection",
    "github.com/concourse/atc",
    "github.com/concourse/fly/rc",
    "github.com/concourse/go-concourse/concourse",
    "github.com/onsi/ginkgo",
    "github.com/onsi/gomega",
    "golang.org/x/oauth2",
  ]
  solver-name = "gps-cdcl"
  solver-version = 1
